
Microsoft Visual Studio Solution File, Format Version 12.00
# Visual Studio Version 17
VisualStudioVersion = 17.7.34031.279
MinimumVisualStudioVersion = 10.0.40219.1
Project("{FAE04EC0-301F-11D3-BF4B-00C04F79EFBC}") = "OOPR_LR2", "OOPR_LR2\OOPR_LR2.csproj", "{AEC00AEC-A770-4312-BB61-31A0408C6935}"
EndProject
Global
	GlobalSection(SolutionConfigurationPlatforms) = preSolution
		Debug|Any CPU = Debug|Any CPU
		Release|Any CPU = Release|Any CPU
	EndGlobalSection
	GlobalSection(ProjectConfigurationPlatforms) = postSolution
		{AEC00AEC-A770-4312-BB61-31A0408C6935}.Debug|Any CPU.ActiveCfg = Debug|Any CPU
		{AEC00AEC-A770-4312-BB61-31A0408C6935}.Debug|Any CPU.Build.0 = Debug|Any CPU
		{AEC00AEC-A770-4312-BB61-31A0408C6935}.Release|Any CPU.ActiveCfg = Release|Any CPU
		{AEC00AEC-A770-4312-BB61-31A0408C6935}.Release|Any CPU.Build.0 = Release|Any CPU
	EndGlobalSection
	GlobalSection(SolutionProperties) = preSolution
		HideSolutionNode = FALSE
	EndGlobalSection
	GlobalSection(ExtensibilityGlobals) = postSolution
		SolutionGuid = {F7B47715-25A5-4AB5-9C09-3BDD7E46D00F}
	EndGlobalSection
EndGlobal
